
Microsoft Visual Studio Solution File, Format Version 12.00
# Visual Studio Version 17
VisualStudioVersion = 17.13.35828.75 d17.13
MinimumVisualStudioVersion = 10.0.40219.1
Project("{FAE04EC0-301F-11D3-BF4B-00C04F79EFBC}") = "Variant2_Decor", "Variant2_Decor.csproj", "{78206827-7367-4F44-BD66-2C05123ECFFF}"
EndProject
Global
	GlobalSection(SolutionConfigurationPlatforms) = preSolution
		Debug|Any CPU = Debug|Any CPU
		Release|Any CPU = Release|Any CPU
	EndGlobalSection
	GlobalSection(ProjectConfigurationPlatforms) = postSolution
		{78206827-7367-4F44-BD66-2C05123ECFFF}.Debug|Any CPU.ActiveCfg = Debug|Any CPU
		{78206827-7367-4F44-BD66-2C05123ECFFF}.Debug|Any CPU.Build.0 = Debug|Any CPU
		{78206827-7367-4F44-BD66-2C05123ECFFF}.Release|Any CPU.ActiveCfg = Release|Any CPU
		{78206827-7367-4F44-BD66-2C05123ECFFF}.Release|Any CPU.Build.0 = Release|Any CPU
	EndGlobalSection
	GlobalSection(SolutionProperties) = preSolution
		HideSolutionNode = FALSE
	EndGlobalSection
	GlobalSection(ExtensibilityGlobals) = postSolution
		SolutionGuid = {DCB88EB3-A917-4BFF-B586-83F2947F531B}
	EndGlobalSection
EndGlobal
